{
  "object": {
    "pins": [
      {
        "package": "CombineRextensions",
        "repositoryURL": "https://github.com/swiftrex/combinerextensions",
        "state": {
          "branch": "master",
          "revision": "b58f090167eb0c44944405978cd4ea2d400a0af0",
          "version": null
        }
      },
      {
        "package": "LoggerMiddleware",
        "repositoryURL": "https://github.com/SwiftRex/LoggerMiddleware.git",
        "state": {
          "branch": null,
          "revision": "133dcdc107d2c07243b4aad559d350329a61f415",
          "version": "0.3.3"
        }
      },
      {
        "package": "ReactiveSwift",
        "repositoryURL": "https://github.com/ReactiveCocoa/ReactiveSwift.git",
        "state": {
          "branch": null,
          "revision": "4a8e1e4a683e96daf658f68132dae781738bc862",
          "version": "6.6.0"
        }
      },
      {
        "package": "RxSwift",
        "repositoryURL": "https://github.com/ReactiveX/RxSwift.git",
        "state": {
          "branch": null,
          "revision": "7e01c05f25c025143073eaa3be3532f9375c614b",
          "version": "6.1.0"
        }
      },
      {
        "package": "SwiftRex",
        "repositoryURL": "https://github.com/SwiftRex/SwiftRex.git",
        "state": {
          "branch": null,
          "revision": "5d11b32e4622c6b177a32595a55d1ba96dd6d7f5",
          "version": "0.8.3"
        }
      }
    ]
  },
  "version": 1
}
